# This file was autogenerated by uv via the following command:
#    uv pip compile requirements.txt -o requirements.lock
aiohttp==3.9.5
    # via
    #   langchain
    #   langchain-community
    #   langchain-pinecone
aiosignal==1.4.0
    # via aiohttp
annotated-types==0.7.0
    # via
    #   -r requirements.txt
    #   pydantic
anyio==4.12.1
    # via
    #   -r requirements.txt
    #   httpx
attrs==25.4.0
    # via aiohttp
beautifulsoup4==4.14.3
    # via -r requirements.txt
bidict==0.23.1
    # via -r requirements.txt
blinker==1.9.0
    # via
    #   -r requirements.txt
    #   flask
cachecontrol==0.14.4
    # via
    #   -r requirements.txt
    #   firebase-admin
cachelib==0.13.0
    # via -r requirements.txt
certifi==2026.1.4
    # via
    #   -r requirements.txt
    #   httpcore
    #   httpx
    #   pinecone-client
    #   requests
cffi==2.0.0
    # via
    #   -r requirements.txt
    #   cryptography
charset-normalizer==3.4.4
    # via
    #   -r requirements.txt
    #   requests
click==8.1.8
    # via
    #   -r requirements.txt
    #   flask
    #   gtts
cryptography==46.0.5
    # via
    #   -r requirements.txt
    #   google-auth
    #   pyjwt
dataclasses-json==0.6.7
    # via langchain-community
dnspython==2.8.0
    # via -r requirements.txt
firebase-admin==7.1.0
    # via -r requirements.txt
flask==3.1.2
    # via
    #   -r requirements.txt
    #   flask-sqlalchemy
flask-sqlalchemy==3.1.1
    # via -r requirements.txt
frozenlist==1.8.0
    # via
    #   aiohttp
    #   aiosignal
google-ai-generativelanguage==0.6.6
    # via
    #   -r requirements.txt
    #   google-generativeai
google-api-core==2.29.0
    # via
    #   -r requirements.txt
    #   firebase-admin
    #   google-ai-generativelanguage
    #   google-api-python-client
    #   google-cloud-core
    #   google-cloud-firestore
    #   google-cloud-storage
    #   google-generativeai
google-api-python-client==2.190.0
    # via
    #   -r requirements.txt
    #   google-generativeai
google-auth==2.49.0.dev0
    # via
    #   -r requirements.txt
    #   google-ai-generativelanguage
    #   google-api-core
    #   google-api-python-client
    #   google-auth-httplib2
    #   google-cloud-core
    #   google-cloud-firestore
    #   google-cloud-storage
    #   google-generativeai
google-auth-httplib2==0.3.0
    # via
    #   -r requirements.txt
    #   google-api-python-client
google-cloud-core==2.5.0
    # via
    #   -r requirements.txt
    #   google-cloud-firestore
    #   google-cloud-storage
google-cloud-firestore==2.23.0
    # via
    #   -r requirements.txt
    #   firebase-admin
google-cloud-storage==3.9.0
    # via
    #   -r requirements.txt
    #   firebase-admin
google-crc32c==1.8.0
    # via
    #   -r requirements.txt
    #   google-cloud-storage
    #   google-resumable-media
google-generativeai==0.7.2
    # via
    #   -r requirements.txt
    #   langchain-google-genai
google-resumable-media==2.8.0
    # via
    #   -r requirements.txt
    #   google-cloud-storage
googleapis-common-protos==1.72.0
    # via
    #   -r requirements.txt
    #   google-api-core
    #   grpcio-status
greenlet==3.3.1
    # via -r requirements.txt
grpcio==1.78.0
    # via
    #   -r requirements.txt
    #   google-api-core
    #   grpcio-status
grpcio-status==1.62.3
    # via
    #   -r requirements.txt
    #   google-api-core
gtts==2.5.4
    # via -r requirements.txt
gunicorn==21.2.0
    # via -r requirements.txt
h11==0.16.0
    # via
    #   -r requirements.txt
    #   httpcore
h2==4.3.0
    # via
    #   -r requirements.txt
    #   httpx
hpack==4.1.0
    # via
    #   -r requirements.txt
    #   h2
httpcore==1.0.9
    # via
    #   -r requirements.txt
    #   httpx
httplib2==0.31.2
    # via
    #   -r requirements.txt
    #   google-api-python-client
    #   google-auth-httplib2
httpx==0.28.1
    # via
    #   -r requirements.txt
    #   firebase-admin
    #   langsmith
hyperframe==6.1.0
    # via
    #   -r requirements.txt
    #   h2
idna==3.11
    # via
    #   -r requirements.txt
    #   anyio
    #   httpx
    #   requests
    #   yarl
itsdangerous==2.2.0
    # via
    #   -r requirements.txt
    #   flask
jinja2==3.1.6
    # via
    #   -r requirements.txt
    #   flask
jsonpatch==1.33
    # via langchain-core
jsonpointer==3.0.0
    # via jsonpatch
langchain==0.3.0
    # via
    #   -r requirements.txt
    #   langchain-community
langchain-community==0.3.0
    # via -r requirements.txt
langchain-core==0.3.15
    # via
    #   -r requirements.txt
    #   langchain
    #   langchain-community
    #   langchain-google-genai
    #   langchain-pinecone
    #   langchain-text-splitters
langchain-google-genai==2.0.0
    # via -r requirements.txt
langchain-pinecone==0.2.0
    # via -r requirements.txt
langchain-text-splitters==0.3.0
    # via
    #   -r requirements.txt
    #   langchain
langsmith==0.1.147
    # via
    #   -r requirements.txt
    #   langchain
    #   langchain-community
    #   langchain-core
markdown-it-py==4.0.0
    # via
    #   -r requirements.txt
    #   rich
markupsafe==3.0.3
    # via
    #   -r requirements.txt
    #   flask
    #   jinja2
    #   werkzeug
marshmallow==3.26.2
    # via dataclasses-json
mdurl==0.1.2
    # via
    #   -r requirements.txt
    #   markdown-it-py
msgpack==1.1.2
    # via
    #   -r requirements.txt
    #   cachecontrol
msgspec==0.20.0
    # via -r requirements.txt
multidict==6.7.1
    # via
    #   aiohttp
    #   yarl
mypy-extensions==1.1.0
    # via typing-inspect
numpy==1.26.4
    # via
    #   langchain
    #   langchain-community
    #   langchain-pinecone
orjson==3.11.7
    # via langsmith
packaging==24.2
    # via
    #   gunicorn
    #   langchain-core
    #   marshmallow
pillow==12.1.1
    # via -r requirements.txt
pinecone-client==5.0.1
    # via
    #   -r requirements.txt
    #   langchain-pinecone
pinecone-plugin-inference==1.1.0
    # via pinecone-client
pinecone-plugin-interface==0.0.7
    # via
    #   pinecone-client
    #   pinecone-plugin-inference
propcache==0.4.1
    # via yarl
proto-plus==1.27.1
    # via
    #   -r requirements.txt
    #   google-ai-generativelanguage
    #   google-api-core
    #   google-cloud-firestore
protobuf==4.25.3
    # via
    #   -r requirements.txt
    #   google-ai-generativelanguage
    #   google-api-core
    #   google-cloud-firestore
    #   google-generativeai
    #   googleapis-common-protos
    #   grpcio-status
    #   proto-plus
pyasn1==0.6.2
    # via
    #   -r requirements.txt
    #   pyasn1-modules
pyasn1-modules==0.4.2
    # via
    #   -r requirements.txt
    #   google-auth
pycparser==3.0
    # via
    #   -r requirements.txt
    #   cffi
pydantic==2.12.5
    # via
    #   -r requirements.txt
    #   google-generativeai
    #   langchain
    #   langchain-core
    #   langchain-google-genai
    #   langsmith
    #   pydantic-settings
pydantic-core==2.41.5
    # via
    #   -r requirements.txt
    #   pydantic
pydantic-settings==2.13.1
    # via langchain-community
pygments==2.19.2
    # via
    #   -r requirements.txt
    #   rich
pyjwt==2.11.0
    # via
    #   -r requirements.txt
    #   firebase-admin
pyparsing==3.3.2
    # via
    #   -r requirements.txt
    #   httplib2
python-dotenv==1.0.1
    # via
    #   -r requirements.txt
    #   pydantic-settings
pyyaml==6.0.3
    # via
    #   langchain
    #   langchain-community
    #   langchain-core
requests==2.32.5
    # via
    #   -r requirements.txt
    #   cachecontrol
    #   google-api-core
    #   google-cloud-storage
    #   gtts
    #   langchain
    #   langchain-community
    #   langsmith
    #   requests-toolbelt
requests-toolbelt==1.0.0
    # via langsmith
rich==14.3.2
    # via -r requirements.txt
soupsieve==2.8.3
    # via
    #   -r requirements.txt
    #   beautifulsoup4
sqlalchemy==2.0.46
    # via
    #   -r requirements.txt
    #   flask-sqlalchemy
    #   langchain
    #   langchain-community
tenacity==8.5.0
    # via
    #   langchain
    #   langchain-community
    #   langchain-core
tqdm==4.67.3
    # via
    #   -r requirements.txt
    #   google-generativeai
    #   pinecone-client
typing-extensions==4.15.0
    # via
    #   -r requirements.txt
    #   beautifulsoup4
    #   google-generativeai
    #   grpcio
    #   langchain-core
    #   pinecone-client
    #   pydantic
    #   pydantic-core
    #   sqlalchemy
    #   typing-inspect
    #   typing-inspection
typing-inspect==0.9.0
    # via dataclasses-json
typing-inspection==0.4.2
    # via
    #   -r requirements.txt
    #   pydantic
    #   pydantic-settings
uritemplate==4.2.0
    # via
    #   -r requirements.txt
    #   google-api-python-client
urllib3==2.6.3
    # via
    #   -r requirements.txt
    #   pinecone-client
    #   requests
werkzeug==3.1.5
    # via
    #   -r requirements.txt
    #   flask
yarl==1.22.0
    # via aiohttp
